
Microsoft Visual Studio Solution File, Format Version 12.00
# Visual Studio Version 16
VisualStudioVersion = 16.0.31112.23
MinimumVisualStudioVersion = 10.0.40219.1
Project("{FAE04EC0-301F-11D3-BF4B-00C04F79EFBC}") = "CheckChars", "CheckChars\CheckChars.csproj", "{C0B76950-22C8-4378-8340-1A53216E8FD0}"
EndProject
Project("{FAE04EC0-301F-11D3-BF4B-00C04F79EFBC}") = "TestCheckChars", "TestCheckChars\TestCheckChars.csproj", "{BC48357E-1325-4487-B6E6-097D0FCC2215}"
EndProject
Global
	GlobalSection(SolutionConfigurationPlatforms) = preSolution
		Debug|Any CPU = Debug|Any CPU
		Release|Any CPU = Release|Any CPU
	EndGlobalSection
	GlobalSection(ProjectConfigurationPlatforms) = postSolution
		{C0B76950-22C8-4378-8340-1A53216E8FD0}.Debug|Any CPU.ActiveCfg = Debug|Any CPU
		{C0B76950-22C8-4378-8340-1A53216E8FD0}.Debug|Any CPU.Build.0 = Debug|Any CPU
		{C0B76950-22C8-4378-8340-1A53216E8FD0}.Release|Any CPU.ActiveCfg = Release|Any CPU
		{C0B76950-22C8-4378-8340-1A53216E8FD0}.Release|Any CPU.Build.0 = Release|Any CPU
		{BC48357E-1325-4487-B6E6-097D0FCC2215}.Debug|Any CPU.ActiveCfg = Debug|Any CPU
		{BC48357E-1325-4487-B6E6-097D0FCC2215}.Debug|Any CPU.Build.0 = Debug|Any CPU
		{BC48357E-1325-4487-B6E6-097D0FCC2215}.Release|Any CPU.ActiveCfg = Release|Any CPU
		{BC48357E-1325-4487-B6E6-097D0FCC2215}.Release|Any CPU.Build.0 = Release|Any CPU
	EndGlobalSection
	GlobalSection(SolutionProperties) = preSolution
		HideSolutionNode = FALSE
	EndGlobalSection
	GlobalSection(ExtensibilityGlobals) = postSolution
		SolutionGuid = {E466D060-702D-47D5-B5FB-BBA8D0762E6E}
	EndGlobalSection
EndGlobal
